
Microsoft Visual Studio Solution File, Format Version 12.00
# Visual Studio Version 16
Project("{2150E333-8FDC-42A3-9474-1A3956D46DE8}") = "CMakePredefinedTargets", "CMakePredefinedTargets", "{E8550074-3FFE-3398-99AC-3BBA693F9872}"
EndProject
Project("{2150E333-8FDC-42A3-9474-1A3956D46DE8}") = "External", "External", "{74A4B875-605D-3FA8-B4A5-33B6339F17DF}"
EndProject
Project("{2150E333-8FDC-42A3-9474-1A3956D46DE8}") = "Internal", "Internal", "{8290013E-68C6-3FC8-BA70-5E6BC733C5CB}"
EndProject
Project("{8BC9CEB8-8B4A-11D0-8D11-00A0C91BC942}") = "ALL_BUILD", "ALL_BUILD.vcxproj", "{26BFA72A-B9C8-336A-8E5F-DA5D4BAD22B4}"
	ProjectSection(ProjectDependencies) = postProject
		{B8181BAA-9BDC-35EF-B25F-5FDE37622E7B} = {B8181BAA-9BDC-35EF-B25F-5FDE37622E7B}
		{0AF48F8F-73D2-314E-A493-F51B80218509} = {0AF48F8F-73D2-314E-A493-F51B80218509}
		{CFA6EC74-5C6F-3315-9784-E267ABAEA91D} = {CFA6EC74-5C6F-3315-9784-E267ABAEA91D}
		{1062FA2C-F067-3192-B86B-CE7557B02D72} = {1062FA2C-F067-3192-B86B-CE7557B02D72}
		{E4D800EF-EA25-3573-93F8-3FA52D94D3BD} = {E4D800EF-EA25-3573-93F8-3FA52D94D3BD}
		{56743DA7-085C-3F22-BA16-015589AC3F21} = {56743DA7-085C-3F22-BA16-015589AC3F21}
		{455BC638-21D4-3145-9462-6433FB3DB065} = {455BC638-21D4-3145-9462-6433FB3DB065}
		{6470D230-3194-354A-907A-8A04493214EA} = {6470D230-3194-354A-907A-8A04493214EA}
		{9B0384BE-26C6-3EE7-8456-80B9EE8CE10D} = {9B0384BE-26C6-3EE7-8456-80B9EE8CE10D}
		{CB5D2275-F9CE-3FC8-B0FB-ABD761283008} = {CB5D2275-F9CE-3FC8-B0FB-ABD761283008}
		{931D083F-9760-333E-A738-7F2BE41FF073} = {931D083F-9760-333E-A738-7F2BE41FF073}
		{5CBA4636-ACFC-3A0F-B403-6BCBFB8BEE3E} = {5CBA4636-ACFC-3A0F-B403-6BCBFB8BEE3E}
		{9F6F754B-96CA-39AD-B3A3-E6AB8BFD4EDE} = {9F6F754B-96CA-39AD-B3A3-E6AB8BFD4EDE}
	EndProjectSection
EndProject
Project("{8BC9CEB8-8B4A-11D0-8D11-00A0C91BC942}") = "ZERO_CHECK", "..\..\..\\ZERO_CHECK.vcxproj", "{B8181BAA-9BDC-35EF-B25F-5FDE37622E7B}"
	ProjectSection(ProjectDependencies) = postProject
	EndProjectSection
EndProject
Project("{8BC9CEB8-8B4A-11D0-8D11-00A0C91BC942}") = "cocos2d", "cocos2d.vcxproj", "{0AF48F8F-73D2-314E-A493-F51B80218509}"
	ProjectSection(ProjectDependencies) = postProject
		{B8181BAA-9BDC-35EF-B25F-5FDE37622E7B} = {B8181BAA-9BDC-35EF-B25F-5FDE37622E7B}
		{CFA6EC74-5C6F-3315-9784-E267ABAEA91D} = {CFA6EC74-5C6F-3315-9784-E267ABAEA91D}
		{1062FA2C-F067-3192-B86B-CE7557B02D72} = {1062FA2C-F067-3192-B86B-CE7557B02D72}
		{E4D800EF-EA25-3573-93F8-3FA52D94D3BD} = {E4D800EF-EA25-3573-93F8-3FA52D94D3BD}
		{56743DA7-085C-3F22-BA16-015589AC3F21} = {56743DA7-085C-3F22-BA16-015589AC3F21}
		{455BC638-21D4-3145-9462-6433FB3DB065} = {455BC638-21D4-3145-9462-6433FB3DB065}
		{6470D230-3194-354A-907A-8A04493214EA} = {6470D230-3194-354A-907A-8A04493214EA}
		{9B0384BE-26C6-3EE7-8456-80B9EE8CE10D} = {9B0384BE-26C6-3EE7-8456-80B9EE8CE10D}
		{CB5D2275-F9CE-3FC8-B0FB-ABD761283008} = {CB5D2275-F9CE-3FC8-B0FB-ABD761283008}
		{931D083F-9760-333E-A738-7F2BE41FF073} = {931D083F-9760-333E-A738-7F2BE41FF073}
		{5CBA4636-ACFC-3A0F-B403-6BCBFB8BEE3E} = {5CBA4636-ACFC-3A0F-B403-6BCBFB8BEE3E}
		{9F6F754B-96CA-39AD-B3A3-E6AB8BFD4EDE} = {9F6F754B-96CA-39AD-B3A3-E6AB8BFD4EDE}
	EndProjectSection
EndProject
Project("{8BC9CEB8-8B4A-11D0-8D11-00A0C91BC942}") = "ext_clipper", "..\..\external\clipper\ext_clipper.vcxproj", "{CFA6EC74-5C6F-3315-9784-E267ABAEA91D}"
	ProjectSection(ProjectDependencies) = postProject
		{B8181BAA-9BDC-35EF-B25F-5FDE37622E7B} = {B8181BAA-9BDC-35EF-B25F-5FDE37622E7B}
	EndProjectSection
EndProject
Project("{8BC9CEB8-8B4A-11D0-8D11-00A0C91BC942}") = "ext_convertUTF", "..\..\external\ConvertUTF\ext_convertUTF.vcxproj", "{1062FA2C-F067-3192-B86B-CE7557B02D72}"
	ProjectSection(ProjectDependencies) = postProject
		{B8181BAA-9BDC-35EF-B25F-5FDE37622E7B} = {B8181BAA-9BDC-35EF-B25F-5FDE37622E7B}
	EndProjectSection
EndProject
Project("{8BC9CEB8-8B4A-11D0-8D11-00A0C91BC942}") = "ext_edtaa3func", "..\..\external\edtaa3func\ext_edtaa3func.vcxproj", "{E4D800EF-EA25-3573-93F8-3FA52D94D3BD}"
	ProjectSection(ProjectDependencies) = postProject
		{B8181BAA-9BDC-35EF-B25F-5FDE37622E7B} = {B8181BAA-9BDC-35EF-B25F-5FDE37622E7B}
	EndProjectSection
EndProject
Project("{8BC9CEB8-8B4A-11D0-8D11-00A0C91BC942}") = "ext_md5", "..\..\external\md5\ext_md5.vcxproj", "{56743DA7-085C-3F22-BA16-015589AC3F21}"
	ProjectSection(ProjectDependencies) = postProject
		{B8181BAA-9BDC-35EF-B25F-5FDE37622E7B} = {B8181BAA-9BDC-35EF-B25F-5FDE37622E7B}
	EndProjectSection
EndProject
Project("{8BC9CEB8-8B4A-11D0-8D11-00A0C91BC942}") = "ext_poly2tri", "..\..\external\poly2tri\ext_poly2tri.vcxproj", "{455BC638-21D4-3145-9462-6433FB3DB065}"
	ProjectSection(ProjectDependencies) = postProject
		{B8181BAA-9BDC-35EF-B25F-5FDE37622E7B} = {B8181BAA-9BDC-35EF-B25F-5FDE37622E7B}
	EndProjectSection
EndProject
Project("{8BC9CEB8-8B4A-11D0-8D11-00A0C91BC942}") = "ext_recast", "..\..\external\recast\ext_recast.vcxproj", "{6470D230-3194-354A-907A-8A04493214EA}"
	ProjectSection(ProjectDependencies) = postProject
		{B8181BAA-9BDC-35EF-B25F-5FDE37622E7B} = {B8181BAA-9BDC-35EF-B25F-5FDE37622E7B}
	EndProjectSection
EndProject
Project("{8BC9CEB8-8B4A-11D0-8D11-00A0C91BC942}") = "ext_tinyxml2", "..\..\external\tinyxml2\ext_tinyxml2.vcxproj", "{9B0384BE-26C6-3EE7-8456-80B9EE8CE10D}"
	ProjectSection(ProjectDependencies) = postProject
		{B8181BAA-9BDC-35EF-B25F-5FDE37622E7B} = {B8181BAA-9BDC-35EF-B25F-5FDE37622E7B}
	EndProjectSection
EndProject
Project("{8BC9CEB8-8B4A-11D0-8D11-00A0C91BC942}") = "ext_unzip", "..\..\external\unzip\ext_unzip.vcxproj", "{CB5D2275-F9CE-3FC8-B0FB-ABD761283008}"
	ProjectSection(ProjectDependencies) = postProject
		{B8181BAA-9BDC-35EF-B25F-5FDE37622E7B} = {B8181BAA-9BDC-35EF-B25F-5FDE37622E7B}
	EndProjectSection
EndProject
Project("{8BC9CEB8-8B4A-11D0-8D11-00A0C91BC942}") = "ext_xxhash", "..\..\external\xxhash\ext_xxhash.vcxproj", "{931D083F-9760-333E-A738-7F2BE41FF073}"
	ProjectSection(ProjectDependencies) = postProject
		{B8181BAA-9BDC-35EF-B25F-5FDE37622E7B} = {B8181BAA-9BDC-35EF-B25F-5FDE37622E7B}
	EndProjectSection
EndProject
Project("{8BC9CEB8-8B4A-11D0-8D11-00A0C91BC942}") = "ext_xxtea", "..\..\external\xxtea\ext_xxtea.vcxproj", "{5CBA4636-ACFC-3A0F-B403-6BCBFB8BEE3E}"
	ProjectSection(ProjectDependencies) = postProject
		{B8181BAA-9BDC-35EF-B25F-5FDE37622E7B} = {B8181BAA-9BDC-35EF-B25F-5FDE37622E7B}
	EndProjectSection
EndProject
Project("{8BC9CEB8-8B4A-11D0-8D11-00A0C91BC942}") = "external", "..\..\external\external.vcxproj", "{9F6F754B-96CA-39AD-B3A3-E6AB8BFD4EDE}"
	ProjectSection(ProjectDependencies) = postProject
		{B8181BAA-9BDC-35EF-B25F-5FDE37622E7B} = {B8181BAA-9BDC-35EF-B25F-5FDE37622E7B}
		{CFA6EC74-5C6F-3315-9784-E267ABAEA91D} = {CFA6EC74-5C6F-3315-9784-E267ABAEA91D}
		{1062FA2C-F067-3192-B86B-CE7557B02D72} = {1062FA2C-F067-3192-B86B-CE7557B02D72}
		{E4D800EF-EA25-3573-93F8-3FA52D94D3BD} = {E4D800EF-EA25-3573-93F8-3FA52D94D3BD}
		{56743DA7-085C-3F22-BA16-015589AC3F21} = {56743DA7-085C-3F22-BA16-015589AC3F21}
		{455BC638-21D4-3145-9462-6433FB3DB065} = {455BC638-21D4-3145-9462-6433FB3DB065}
		{6470D230-3194-354A-907A-8A04493214EA} = {6470D230-3194-354A-907A-8A04493214EA}
		{9B0384BE-26C6-3EE7-8456-80B9EE8CE10D} = {9B0384BE-26C6-3EE7-8456-80B9EE8CE10D}
		{CB5D2275-F9CE-3FC8-B0FB-ABD761283008} = {CB5D2275-F9CE-3FC8-B0FB-ABD761283008}
		{931D083F-9760-333E-A738-7F2BE41FF073} = {931D083F-9760-333E-A738-7F2BE41FF073}
		{5CBA4636-ACFC-3A0F-B403-6BCBFB8BEE3E} = {5CBA4636-ACFC-3A0F-B403-6BCBFB8BEE3E}
	EndProjectSection
EndProject
Global
	GlobalSection(SolutionConfigurationPlatforms) = preSolution
		Debug|Win32 = Debug|Win32
		Release|Win32 = Release|Win32
		MinSizeRel|Win32 = MinSizeRel|Win32
		RelWithDebInfo|Win32 = RelWithDebInfo|Win32
	EndGlobalSection
	GlobalSection(ProjectConfigurationPlatforms) = postSolution
		{26BFA72A-B9C8-336A-8E5F-DA5D4BAD22B4}.Debug|Win32.ActiveCfg = Debug|Win32
		{26BFA72A-B9C8-336A-8E5F-DA5D4BAD22B4}.Release|Win32.ActiveCfg = Release|Win32
		{26BFA72A-B9C8-336A-8E5F-DA5D4BAD22B4}.MinSizeRel|Win32.ActiveCfg = MinSizeRel|Win32
		{26BFA72A-B9C8-336A-8E5F-DA5D4BAD22B4}.RelWithDebInfo|Win32.ActiveCfg = RelWithDebInfo|Win32
		{B8181BAA-9BDC-35EF-B25F-5FDE37622E7B}.Debug|Win32.ActiveCfg = Debug|Win32
		{B8181BAA-9BDC-35EF-B25F-5FDE37622E7B}.Debug|Win32.Build.0 = Debug|Win32
		{B8181BAA-9BDC-35EF-B25F-5FDE37622E7B}.Release|Win32.ActiveCfg = Release|Win32
		{B8181BAA-9BDC-35EF-B25F-5FDE37622E7B}.Release|Win32.Build.0 = Release|Win32
		{B8181BAA-9BDC-35EF-B25F-5FDE37622E7B}.MinSizeRel|Win32.ActiveCfg = MinSizeRel|Win32
		{B8181BAA-9BDC-35EF-B25F-5FDE37622E7B}.MinSizeRel|Win32.Build.0 = MinSizeRel|Win32
		{B8181BAA-9BDC-35EF-B25F-5FDE37622E7B}.RelWithDebInfo|Win32.ActiveCfg = RelWithDebInfo|Win32
		{B8181BAA-9BDC-35EF-B25F-5FDE37622E7B}.RelWithDebInfo|Win32.Build.0 = RelWithDebInfo|Win32
		{0AF48F8F-73D2-314E-A493-F51B80218509}.Debug|Win32.ActiveCfg = Debug|Win32
		{0AF48F8F-73D2-314E-A493-F51B80218509}.Debug|Win32.Build.0 = Debug|Win32
		{0AF48F8F-73D2-314E-A493-F51B80218509}.Release|Win32.ActiveCfg = Release|Win32
		{0AF48F8F-73D2-314E-A493-F51B80218509}.Release|Win32.Build.0 = Release|Win32
		{0AF48F8F-73D2-314E-A493-F51B80218509}.MinSizeRel|Win32.ActiveCfg = MinSizeRel|Win32
		{0AF48F8F-73D2-314E-A493-F51B80218509}.MinSizeRel|Win32.Build.0 = MinSizeRel|Win32
		{0AF48F8F-73D2-314E-A493-F51B80218509}.RelWithDebInfo|Win32.ActiveCfg = RelWithDebInfo|Win32
		{0AF48F8F-73D2-314E-A493-F51B80218509}.RelWithDebInfo|Win32.Build.0 = RelWithDebInfo|Win32
		{CFA6EC74-5C6F-3315-9784-E267ABAEA91D}.Debug|Win32.ActiveCfg = Debug|Win32
		{CFA6EC74-5C6F-3315-9784-E267ABAEA91D}.Debug|Win32.Build.0 = Debug|Win32
		{CFA6EC74-5C6F-3315-9784-E267ABAEA91D}.Release|Win32.ActiveCfg = Release|Win32
		{CFA6EC74-5C6F-3315-9784-E267ABAEA91D}.Release|Win32.Build.0 = Release|Win32
		{CFA6EC74-5C6F-3315-9784-E267ABAEA91D}.MinSizeRel|Win32.ActiveCfg = MinSizeRel|Win32
		{CFA6EC74-5C6F-3315-9784-E267ABAEA91D}.MinSizeRel|Win32.Build.0 = MinSizeRel|Win32
		{CFA6EC74-5C6F-3315-9784-E267ABAEA91D}.RelWithDebInfo|Win32.ActiveCfg = RelWithDebInfo|Win32
		{CFA6EC74-5C6F-3315-9784-E267ABAEA91D}.RelWithDebInfo|Win32.Build.0 = RelWithDebInfo|Win32
		{1062FA2C-F067-3192-B86B-CE7557B02D72}.Debug|Win32.ActiveCfg = Debug|Win32
		{1062FA2C-F067-3192-B86B-CE7557B02D72}.Debug|Win32.Build.0 = Debug|Win32
		{1062FA2C-F067-3192-B86B-CE7557B02D72}.Release|Win32.ActiveCfg = Release|Win32
		{1062FA2C-F067-3192-B86B-CE7557B02D72}.Release|Win32.Build.0 = Release|Win32
		{1062FA2C-F067-3192-B86B-CE7557B02D72}.MinSizeRel|Win32.ActiveCfg = MinSizeRel|Win32
		{1062FA2C-F067-3192-B86B-CE7557B02D72}.MinSizeRel|Win32.Build.0 = MinSizeRel|Win32
		{1062FA2C-F067-3192-B86B-CE7557B02D72}.RelWithDebInfo|Win32.ActiveCfg = RelWithDebInfo|Win32
		{1062FA2C-F067-3192-B86B-CE7557B02D72}.RelWithDebInfo|Win32.Build.0 = RelWithDebInfo|Win32
		{E4D800EF-EA25-3573-93F8-3FA52D94D3BD}.Debug|Win32.ActiveCfg = Debug|Win32
		{E4D800EF-EA25-3573-93F8-3FA52D94D3BD}.Debug|Win32.Build.0 = Debug|Win32
		{E4D800EF-EA25-3573-93F8-3FA52D94D3BD}.Release|Win32.ActiveCfg = Release|Win32
		{E4D800EF-EA25-3573-93F8-3FA52D94D3BD}.Release|Win32.Build.0 = Release|Win32
		{E4D800EF-EA25-3573-93F8-3FA52D94D3BD}.MinSizeRel|Win32.ActiveCfg = MinSizeRel|Win32
		{E4D800EF-EA25-3573-93F8-3FA52D94D3BD}.MinSizeRel|Win32.Build.0 = MinSizeRel|Win32
		{E4D800EF-EA25-3573-93F8-3FA52D94D3BD}.RelWithDebInfo|Win32.ActiveCfg = RelWithDebInfo|Win32
		{E4D800EF-EA25-3573-93F8-3FA52D94D3BD}.RelWithDebInfo|Win32.Build.0 = RelWithDebInfo|Win32
		{56743DA7-085C-3F22-BA16-015589AC3F21}.Debug|Win32.ActiveCfg = Debug|Win32
		{56743DA7-085C-3F22-BA16-015589AC3F21}.Debug|Win32.Build.0 = Debug|Win32
		{56743DA7-085C-3F22-BA16-015589AC3F21}.Release|Win32.ActiveCfg = Release|Win32
		{56743DA7-085C-3F22-BA16-015589AC3F21}.Release|Win32.Build.0 = Release|Win32
		{56743DA7-085C-3F22-BA16-015589AC3F21}.MinSizeRel|Win32.ActiveCfg = MinSizeRel|Win32
		{56743DA7-085C-3F22-BA16-015589AC3F21}.MinSizeRel|Win32.Build.0 = MinSizeRel|Win32
		{56743DA7-085C-3F22-BA16-015589AC3F21}.RelWithDebInfo|Win32.ActiveCfg = RelWithDebInfo|Win32
		{56743DA7-085C-3F22-BA16-015589AC3F21}.RelWithDebInfo|Win32.Build.0 = RelWithDebInfo|Win32
		{455BC638-21D4-3145-9462-6433FB3DB065}.Debug|Win32.ActiveCfg = Debug|Win32
		{455BC638-21D4-3145-9462-6433FB3DB065}.Debug|Win32.Build.0 = Debug|Win32
		{455BC638-21D4-3145-9462-6433FB3DB065}.Release|Win32.ActiveCfg = Release|Win32
		{455BC638-21D4-3145-9462-6433FB3DB065}.Release|Win32.Build.0 = Release|Win32
		{455BC638-21D4-3145-9462-6433FB3DB065}.MinSizeRel|Win32.ActiveCfg = MinSizeRel|Win32
		{455BC638-21D4-3145-9462-6433FB3DB065}.MinSizeRel|Win32.Build.0 = MinSizeRel|Win32
		{455BC638-21D4-3145-9462-6433FB3DB065}.RelWithDebInfo|Win32.ActiveCfg = RelWithDebInfo|Win32
		{455BC638-21D4-3145-9462-6433FB3DB065}.RelWithDebInfo|Win32.Build.0 = RelWithDebInfo|Win32
		{6470D230-3194-354A-907A-8A04493214EA}.Debug|Win32.ActiveCfg = Debug|Win32
		{6470D230-3194-354A-907A-8A04493214EA}.Debug|Win32.Build.0 = Debug|Win32
		{6470D230-3194-354A-907A-8A04493214EA}.Release|Win32.ActiveCfg = Release|Win32
		{6470D230-3194-354A-907A-8A04493214EA}.Release|Win32.Build.0 = Release|Win32
		{6470D230-3194-354A-907A-8A04493214EA}.MinSizeRel|Win32.ActiveCfg = MinSizeRel|Win32
		{6470D230-3194-354A-907A-8A04493214EA}.MinSizeRel|Win32.Build.0 = MinSizeRel|Win32
		{6470D230-3194-354A-907A-8A04493214EA}.RelWithDebInfo|Win32.ActiveCfg = RelWithDebInfo|Win32
		{6470D230-3194-354A-907A-8A04493214EA}.RelWithDebInfo|Win32.Build.0 = RelWithDebInfo|Win32
		{9B0384BE-26C6-3EE7-8456-80B9EE8CE10D}.Debug|Win32.ActiveCfg = Debug|Win32
		{9B0384BE-26C6-3EE7-8456-80B9EE8CE10D}.Debug|Win32.Build.0 = Debug|Win32
		{9B0384BE-26C6-3EE7-8456-80B9EE8CE10D}.Release|Win32.ActiveCfg = Release|Win32
		{9B0384BE-26C6-3EE7-8456-80B9EE8CE10D}.Release|Win32.Build.0 = Release|Win32
		{9B0384BE-26C6-3EE7-8456-80B9EE8CE10D}.MinSizeRel|Win32.ActiveCfg = MinSizeRel|Win32
		{9B0384BE-26C6-3EE7-8456-80B9EE8CE10D}.MinSizeRel|Win32.Build.0 = MinSizeRel|Win32
		{9B0384BE-26C6-3EE7-8456-80B9EE8CE10D}.RelWithDebInfo|Win32.ActiveCfg = RelWithDebInfo|Win32
		{9B0384BE-26C6-3EE7-8456-80B9EE8CE10D}.RelWithDebInfo|Win32.Build.0 = RelWithDebInfo|Win32
		{CB5D2275-F9CE-3FC8-B0FB-ABD761283008}.Debug|Win32.ActiveCfg = Debug|Win32
		{CB5D2275-F9CE-3FC8-B0FB-ABD761283008}.Debug|Win32.Build.0 = Debug|Win32
		{CB5D2275-F9CE-3FC8-B0FB-ABD761283008}.Release|Win32.ActiveCfg = Release|Win32
		{CB5D2275-F9CE-3FC8-B0FB-ABD761283008}.Release|Win32.Build.0 = Release|Win32
		{CB5D2275-F9CE-3FC8-B0FB-ABD761283008}.MinSizeRel|Win32.ActiveCfg = MinSizeRel|Win32
		{CB5D2275-F9CE-3FC8-B0FB-ABD761283008}.MinSizeRel|Win32.Build.0 = MinSizeRel|Win32
		{CB5D2275-F9CE-3FC8-B0FB-ABD761283008}.RelWithDebInfo|Win32.ActiveCfg = RelWithDebInfo|Win32
		{CB5D2275-F9CE-3FC8-B0FB-ABD761283008}.RelWithDebInfo|Win32.Build.0 = RelWithDebInfo|Win32
		{931D083F-9760-333E-A738-7F2BE41FF073}.Debug|Win32.ActiveCfg = Debug|Win32
		{931D083F-9760-333E-A738-7F2BE41FF073}.Debug|Win32.Build.0 = Debug|Win32
		{931D083F-9760-333E-A738-7F2BE41FF073}.Release|Win32.ActiveCfg = Release|Win32
		{931D083F-9760-333E-A738-7F2BE41FF073}.Release|Win32.Build.0 = Release|Win32
		{931D083F-9760-333E-A738-7F2BE41FF073}.MinSizeRel|Win32.ActiveCfg = MinSizeRel|Win32
		{931D083F-9760-333E-A738-7F2BE41FF073}.MinSizeRel|Win32.Build.0 = MinSizeRel|Win32
		{931D083F-9760-333E-A738-7F2BE41FF073}.RelWithDebInfo|Win32.ActiveCfg = RelWithDebInfo|Win32
		{931D083F-9760-333E-A738-7F2BE41FF073}.RelWithDebInfo|Win32.Build.0 = RelWithDebInfo|Win32
		{5CBA4636-ACFC-3A0F-B403-6BCBFB8BEE3E}.Debug|Win32.ActiveCfg = Debug|Win32
		{5CBA4636-ACFC-3A0F-B403-6BCBFB8BEE3E}.Debug|Win32.Build.0 = Debug|Win32
		{5CBA4636-ACFC-3A0F-B403-6BCBFB8BEE3E}.Release|Win32.ActiveCfg = Release|Win32
		{5CBA4636-ACFC-3A0F-B403-6BCBFB8BEE3E}.Release|Win32.Build.0 = Release|Win32
		{5CBA4636-ACFC-3A0F-B403-6BCBFB8BEE3E}.MinSizeRel|Win32.ActiveCfg = MinSizeRel|Win32
		{5CBA4636-ACFC-3A0F-B403-6BCBFB8BEE3E}.MinSizeRel|Win32.Build.0 = MinSizeRel|Win32
		{5CBA4636-ACFC-3A0F-B403-6BCBFB8BEE3E}.RelWithDebInfo|Win32.ActiveCfg = RelWithDebInfo|Win32
		{5CBA4636-ACFC-3A0F-B403-6BCBFB8BEE3E}.RelWithDebInfo|Win32.Build.0 = RelWithDebInfo|Win32
		{9F6F754B-96CA-39AD-B3A3-E6AB8BFD4EDE}.Debug|Win32.ActiveCfg = Debug|Win32
		{9F6F754B-96CA-39AD-B3A3-E6AB8BFD4EDE}.Debug|Win32.Build.0 = Debug|Win32
		{9F6F754B-96CA-39AD-B3A3-E6AB8BFD4EDE}.Release|Win32.ActiveCfg = Release|Win32
		{9F6F754B-96CA-39AD-B3A3-E6AB8BFD4EDE}.Release|Win32.Build.0 = Release|Win32
		{9F6F754B-96CA-39AD-B3A3-E6AB8BFD4EDE}.MinSizeRel|Win32.ActiveCfg = MinSizeRel|Win32
		{9F6F754B-96CA-39AD-B3A3-E6AB8BFD4EDE}.MinSizeRel|Win32.Build.0 = MinSizeRel|Win32
		{9F6F754B-96CA-39AD-B3A3-E6AB8BFD4EDE}.RelWithDebInfo|Win32.ActiveCfg = RelWithDebInfo|Win32
		{9F6F754B-96CA-39AD-B3A3-E6AB8BFD4EDE}.RelWithDebInfo|Win32.Build.0 = RelWithDebInfo|Win32
	EndGlobalSection
	GlobalSection(NestedProjects) = preSolution
		{26BFA72A-B9C8-336A-8E5F-DA5D4BAD22B4} = {E8550074-3FFE-3398-99AC-3BBA693F9872}
		{B8181BAA-9BDC-35EF-B25F-5FDE37622E7B} = {E8550074-3FFE-3398-99AC-3BBA693F9872}
		{CFA6EC74-5C6F-3315-9784-E267ABAEA91D} = {74A4B875-605D-3FA8-B4A5-33B6339F17DF}
		{1062FA2C-F067-3192-B86B-CE7557B02D72} = {74A4B875-605D-3FA8-B4A5-33B6339F17DF}
		{E4D800EF-EA25-3573-93F8-3FA52D94D3BD} = {74A4B875-605D-3FA8-B4A5-33B6339F17DF}
		{56743DA7-085C-3F22-BA16-015589AC3F21} = {74A4B875-605D-3FA8-B4A5-33B6339F17DF}
		{455BC638-21D4-3145-9462-6433FB3DB065} = {74A4B875-605D-3FA8-B4A5-33B6339F17DF}
		{6470D230-3194-354A-907A-8A04493214EA} = {74A4B875-605D-3FA8-B4A5-33B6339F17DF}
		{9B0384BE-26C6-3EE7-8456-80B9EE8CE10D} = {74A4B875-605D-3FA8-B4A5-33B6339F17DF}
		{CB5D2275-F9CE-3FC8-B0FB-ABD761283008} = {74A4B875-605D-3FA8-B4A5-33B6339F17DF}
		{931D083F-9760-333E-A738-7F2BE41FF073} = {74A4B875-605D-3FA8-B4A5-33B6339F17DF}
		{5CBA4636-ACFC-3A0F-B403-6BCBFB8BEE3E} = {74A4B875-605D-3FA8-B4A5-33B6339F17DF}
		{9F6F754B-96CA-39AD-B3A3-E6AB8BFD4EDE} = {74A4B875-605D-3FA8-B4A5-33B6339F17DF}
		{0AF48F8F-73D2-314E-A493-F51B80218509} = {8290013E-68C6-3FC8-BA70-5E6BC733C5CB}
	EndGlobalSection
	GlobalSection(ExtensibilityGlobals) = postSolution
		SolutionGuid = {7CC50293-39EA-30C3-9CF1-DDD609B5ED2A}
	EndGlobalSection
	GlobalSection(ExtensibilityAddIns) = postSolution
	EndGlobalSection
EndGlobal
