<?xml version="1.0" encoding="utf-8"?>
<Project ToolsVersion="16.0" xmlns="http://schemas.microsoft.com/developer/msbuild/2003">
  <ItemGroup>
    <ClCompile Include="D:\Users\baiytaan\Desktop\git\palmSW\SaudiDrifter\Classes\AppDelegate.cpp">
      <Filter>Source Files\Classes</Filter>
    </ClCompile>
    <ClCompile Include="D:\Users\baiytaan\Desktop\git\palmSW\SaudiDrifter\Classes\HelloWorldScene.cpp">
      <Filter>Source Files\Classes</Filter>
    </ClCompile>
    <ClCompile Include="D:\Users\baiytaan\Desktop\git\palmSW\SaudiDrifter\proj.win32\main.cpp">
      <Filter>Source Files\proj.win32</Filter>
    </ClCompile>
    <ClCompile Include="D:\Users\baiytaan\Desktop\git\palmSW\SaudiDrifter\cocos2d\cocos\precheader.cpp">
      <Filter>Source Files</Filter>
    </ClCompile>
  </ItemGroup>
  <ItemGroup>
    <ClInclude Include="D:\Users\baiytaan\Desktop\git\palmSW\SaudiDrifter\Classes\AppDelegate.h">
      <Filter>Source Files\Classes</Filter>
    </ClInclude>
    <ClInclude Include="D:\Users\baiytaan\Desktop\git\palmSW\SaudiDrifter\Classes\HelloWorldScene.h">
      <Filter>Source Files\Classes</Filter>
    </ClInclude>
    <ClInclude Include="D:\Users\baiytaan\Desktop\git\palmSW\SaudiDrifter\proj.win32\main.h">
      <Filter>Source Files\proj.win32</Filter>
    </ClInclude>
    <ClInclude Include="D:\Users\baiytaan\Desktop\git\palmSW\SaudiDrifter\proj.win32\resource.h">
      <Filter>Source Files\proj.win32</Filter>
    </ClInclude>
    <ClInclude Include="D:\Users\baiytaan\Desktop\git\palmSW\SaudiDrifter\Resources\CloseNormal.png">
      <Filter>Resources</Filter>
    </ClInclude>
    <ClInclude Include="D:\Users\baiytaan\Desktop\git\palmSW\SaudiDrifter\Resources\CloseSelected.png">
      <Filter>Resources</Filter>
    </ClInclude>
    <ClInclude Include="D:\Users\baiytaan\Desktop\git\palmSW\SaudiDrifter\Resources\HelloWorld.png">
      <Filter>Resources</Filter>
    </ClInclude>
    <ClInclude Include="D:\Users\baiytaan\Desktop\git\palmSW\SaudiDrifter\Resources\fonts\Marker Felt.ttf">
      <Filter>Resources\fonts</Filter>
    </ClInclude>
    <ClInclude Include="D:\Users\baiytaan\Desktop\git\palmSW\SaudiDrifter\Resources\fonts\arial.ttf">
      <Filter>Resources\fonts</Filter>
    </ClInclude>
    <ClInclude Include="D:\Users\baiytaan\Desktop\git\palmSW\SaudiDrifter\Resources\res\.gitkeep">
      <Filter>Resources\res</Filter>
    </ClInclude>
  </ItemGroup>
  <ItemGroup>
    <CustomBuild Include="D:\Users\baiytaan\Desktop\git\palmSW\SaudiDrifter\CMakeLists.txt" />
  </ItemGroup>
  <ItemGroup>
    <ResourceCompile Include="D:\Users\baiytaan\Desktop\git\palmSW\SaudiDrifter\proj.win32\game.rc">
      <Filter>Source Files\proj.win32</Filter>
    </ResourceCompile>
  </ItemGroup>
  <ItemGroup>
    <Filter Include="Resources">
      <UniqueIdentifier>{8475722A-D917-30ED-BF89-9D741DC28D13}</UniqueIdentifier>
    </Filter>
    <Filter Include="Resources\fonts">
      <UniqueIdentifier>{C84E5CEA-AF26-386E-ADCA-A1225B2CF9AC}</UniqueIdentifier>
    </Filter>
    <Filter Include="Resources\res">
      <UniqueIdentifier>{A6462170-78EB-32DE-BAF6-860BBBDF3F54}</UniqueIdentifier>
    </Filter>
    <Filter Include="Source Files">
      <UniqueIdentifier>{83BBD663-30A1-368F-8350-46C54D20C600}</UniqueIdentifier>
    </Filter>
    <Filter Include="Source Files\Classes">
      <UniqueIdentifier>{1A79821A-C560-36E7-A404-2EF9BE2E4EAE}</UniqueIdentifier>
    </Filter>
    <Filter Include="Source Files\proj.win32">
      <UniqueIdentifier>{D8F476CD-EC7B-3F0D-ACD7-F01E93FCD1CA}</UniqueIdentifier>
    </Filter>
  </ItemGroup>
</Project>
